
Microsoft Visual Studio Solution File, Format Version 12.00
# Visual Studio Version 17
VisualStudioVersion = 17.11.35303.130
MinimumVisualStudioVersion = 10.0.40219.1
Project("{9A19103F-16F7-4668-BE54-9A1E7A4F7556}") = "TradingSystemsMonitoring.RestAPI", "TradingSystemsMonitoring.RestAPI\TradingSystemsMonitoring.RestAPI.csproj", "{EB111860-0250-4A21-BD64-C130F835D439}"
EndProject
Project("{9A19103F-16F7-4668-BE54-9A1E7A4F7556}") = "TradingSystemsMonitoring.DataModel", "TradingSystemsMonitoring.DataModel\TradingSystemsMonitoring.DataModel.csproj", "{658773E8-9BC4-472B-A528-3BEB55E12D7C}"
EndProject
Project("{FAE04EC0-301F-11D3-BF4B-00C04F79EFBC}") = "TradingSystemsMonitoring.Tests", "TradingSystemsMonitoring.Tests\TradingSystemsMonitoring.Tests.csproj", "{C59851FE-0C7C-437D-A777-D69B8E2B5D3B}"
EndProject
Project("{FAE04EC0-301F-11D3-BF4B-00C04F79EFBC}") = "TradingSystemsMonitoring.ApiTests", "TradingSystemsMonitoring.ApiTests\TradingSystemsMonitoring.ApiTests.csproj", "{8D0C9315-5C92-43F7-B353-3477D50B5AF9}"
EndProject
Project("{2150E333-8FDC-42A3-9474-1A3956D46DE8}") = "Tests", "Tests", "{02EA681E-C7D8-13C7-8484-4AC65E1B71E8}"
EndProject
Project("{E53339B2-1760-4266-BCC7-CA923CBCF16C}") = "docker-compose", "docker-compose.dcproj", "{81DDED9D-158B-E303-5F62-77A2896D2A5A}"
EndProject
Project("{2150E333-8FDC-42A3-9474-1A3956D46DE8}") = "Solution Items", "Solution Items", "{8EC462FD-D22E-90A8-E5CE-7E832BA40C5D}"
	ProjectSection(SolutionItems) = preProject
		docker-compose.jenkins.yml = docker-compose.jenkins.yml
		docker-compose.kafka-ui.yml = docker-compose.kafka-ui.yml
		docker-compose.redisinsight.yml = docker-compose.redisinsight.yml
		docker-start.cmd = docker-start.cmd
		docker-stop.cmd = docker-stop.cmd
		ci\jenkins\Dockerfile = ci\jenkins\Dockerfile
	EndProjectSection
EndProject
Project("{FAE04EC0-301F-11D3-BF4B-00C04F79EFBC}") = "TradingSystemsMonitoring.Application", "TradingSystemsMonitoring.Application\TradingSystemsMonitoring.Application.csproj", "{7EC14364-1DED-4407-AD0A-2D51756440D4}"
EndProject
Project("{FAE04EC0-301F-11D3-BF4B-00C04F79EFBC}") = "TradingSystemsMonitoring.Infrastructure", "TradingSystemsMonitoring.Infrastructure\TradingSystemsMonitoring.Infrastructure.csproj", "{01FD42BB-9E41-4676-B0EA-278479B6841B}"
EndProject
Global
	GlobalSection(SolutionConfigurationPlatforms) = preSolution
		Debug|Any CPU = Debug|Any CPU
		Debug|x64 = Debug|x64
		Debug|x86 = Debug|x86
		Release|Any CPU = Release|Any CPU
		Release|x64 = Release|x64
		Release|x86 = Release|x86
	EndGlobalSection
	GlobalSection(ProjectConfigurationPlatforms) = postSolution
		{EB111860-0250-4A21-BD64-C130F835D439}.Debug|Any CPU.ActiveCfg = Debug|Any CPU
		{EB111860-0250-4A21-BD64-C130F835D439}.Debug|Any CPU.Build.0 = Debug|Any CPU
		{EB111860-0250-4A21-BD64-C130F835D439}.Debug|x64.ActiveCfg = Debug|Any CPU
		{EB111860-0250-4A21-BD64-C130F835D439}.Debug|x64.Build.0 = Debug|Any CPU
		{EB111860-0250-4A21-BD64-C130F835D439}.Debug|x86.ActiveCfg = Debug|Any CPU
		{EB111860-0250-4A21-BD64-C130F835D439}.Debug|x86.Build.0 = Debug|Any CPU
		{EB111860-0250-4A21-BD64-C130F835D439}.Release|Any CPU.ActiveCfg = Release|Any CPU
		{EB111860-0250-4A21-BD64-C130F835D439}.Release|Any CPU.Build.0 = Release|Any CPU
		{EB111860-0250-4A21-BD64-C130F835D439}.Release|x64.ActiveCfg = Release|Any CPU
		{EB111860-0250-4A21-BD64-C130F835D439}.Release|x64.Build.0 = Release|Any CPU
		{EB111860-0250-4A21-BD64-C130F835D439}.Release|x86.ActiveCfg = Release|Any CPU
		{EB111860-0250-4A21-BD64-C130F835D439}.Release|x86.Build.0 = Release|Any CPU
		{658773E8-9BC4-472B-A528-3BEB55E12D7C}.Debug|Any CPU.ActiveCfg = Debug|Any CPU
		{658773E8-9BC4-472B-A528-3BEB55E12D7C}.Debug|Any CPU.Build.0 = Debug|Any CPU
		{658773E8-9BC4-472B-A528-3BEB55E12D7C}.Debug|x64.ActiveCfg = Debug|Any CPU
		{658773E8-9BC4-472B-A528-3BEB55E12D7C}.Debug|x64.Build.0 = Debug|Any CPU
		{658773E8-9BC4-472B-A528-3BEB55E12D7C}.Debug|x86.ActiveCfg = Debug|Any CPU
		{658773E8-9BC4-472B-A528-3BEB55E12D7C}.Debug|x86.Build.0 = Debug|Any CPU
		{658773E8-9BC4-472B-A528-3BEB55E12D7C}.Release|Any CPU.ActiveCfg = Release|Any CPU
		{658773E8-9BC4-472B-A528-3BEB55E12D7C}.Release|Any CPU.Build.0 = Release|Any CPU
		{658773E8-9BC4-472B-A528-3BEB55E12D7C}.Release|x64.ActiveCfg = Release|Any CPU
		{658773E8-9BC4-472B-A528-3BEB55E12D7C}.Release|x64.Build.0 = Release|Any CPU
		{658773E8-9BC4-472B-A528-3BEB55E12D7C}.Release|x86.ActiveCfg = Release|Any CPU
		{658773E8-9BC4-472B-A528-3BEB55E12D7C}.Release|x86.Build.0 = Release|Any CPU
		{C59851FE-0C7C-437D-A777-D69B8E2B5D3B}.Debug|Any CPU.ActiveCfg = Debug|Any CPU
		{C59851FE-0C7C-437D-A777-D69B8E2B5D3B}.Debug|Any CPU.Build.0 = Debug|Any CPU
		{C59851FE-0C7C-437D-A777-D69B8E2B5D3B}.Debug|x64.ActiveCfg = Debug|Any CPU
		{C59851FE-0C7C-437D-A777-D69B8E2B5D3B}.Debug|x64.Build.0 = Debug|Any CPU
		{C59851FE-0C7C-437D-A777-D69B8E2B5D3B}.Debug|x86.ActiveCfg = Debug|Any CPU
		{C59851FE-0C7C-437D-A777-D69B8E2B5D3B}.Debug|x86.Build.0 = Debug|Any CPU
		{C59851FE-0C7C-437D-A777-D69B8E2B5D3B}.Release|Any CPU.ActiveCfg = Release|Any CPU
		{C59851FE-0C7C-437D-A777-D69B8E2B5D3B}.Release|Any CPU.Build.0 = Release|Any CPU
		{C59851FE-0C7C-437D-A777-D69B8E2B5D3B}.Release|x64.ActiveCfg = Release|Any CPU
		{C59851FE-0C7C-437D-A777-D69B8E2B5D3B}.Release|x64.Build.0 = Release|Any CPU
		{C59851FE-0C7C-437D-A777-D69B8E2B5D3B}.Release|x86.ActiveCfg = Release|Any CPU
		{C59851FE-0C7C-437D-A777-D69B8E2B5D3B}.Release|x86.Build.0 = Release|Any CPU
		{8D0C9315-5C92-43F7-B353-3477D50B5AF9}.Debug|Any CPU.ActiveCfg = Debug|Any CPU
		{8D0C9315-5C92-43F7-B353-3477D50B5AF9}.Debug|Any CPU.Build.0 = Debug|Any CPU
		{8D0C9315-5C92-43F7-B353-3477D50B5AF9}.Debug|x64.ActiveCfg = Debug|Any CPU
		{8D0C9315-5C92-43F7-B353-3477D50B5AF9}.Debug|x64.Build.0 = Debug|Any CPU
		{8D0C9315-5C92-43F7-B353-3477D50B5AF9}.Debug|x86.ActiveCfg = Debug|Any CPU
		{8D0C9315-5C92-43F7-B353-3477D50B5AF9}.Debug|x86.Build.0 = Debug|Any CPU
		{8D0C9315-5C92-43F7-B353-3477D50B5AF9}.Release|Any CPU.ActiveCfg = Release|Any CPU
		{8D0C9315-5C92-43F7-B353-3477D50B5AF9}.Release|Any CPU.Build.0 = Release|Any CPU
		{8D0C9315-5C92-43F7-B353-3477D50B5AF9}.Release|x64.ActiveCfg = Release|Any CPU
		{8D0C9315-5C92-43F7-B353-3477D50B5AF9}.Release|x64.Build.0 = Release|Any CPU
		{8D0C9315-5C92-43F7-B353-3477D50B5AF9}.Release|x86.ActiveCfg = Release|Any CPU
		{8D0C9315-5C92-43F7-B353-3477D50B5AF9}.Release|x86.Build.0 = Release|Any CPU
		{81DDED9D-158B-E303-5F62-77A2896D2A5A}.Debug|Any CPU.ActiveCfg = Debug|Any CPU
		{81DDED9D-158B-E303-5F62-77A2896D2A5A}.Debug|Any CPU.Build.0 = Debug|Any CPU
		{81DDED9D-158B-E303-5F62-77A2896D2A5A}.Debug|x64.ActiveCfg = Debug|x64
		{81DDED9D-158B-E303-5F62-77A2896D2A5A}.Debug|x86.ActiveCfg = Debug|x86
		{81DDED9D-158B-E303-5F62-77A2896D2A5A}.Release|Any CPU.ActiveCfg = Release|Any CPU
		{81DDED9D-158B-E303-5F62-77A2896D2A5A}.Release|Any CPU.Build.0 = Release|Any CPU
		{81DDED9D-158B-E303-5F62-77A2896D2A5A}.Release|x64.ActiveCfg = Release|x64
		{81DDED9D-158B-E303-5F62-77A2896D2A5A}.Release|x86.ActiveCfg = Release|x86
		{7EC14364-1DED-4407-AD0A-2D51756440D4}.Debug|Any CPU.ActiveCfg = Debug|Any CPU
		{7EC14364-1DED-4407-AD0A-2D51756440D4}.Debug|Any CPU.Build.0 = Debug|Any CPU
		{7EC14364-1DED-4407-AD0A-2D51756440D4}.Debug|x64.ActiveCfg = Debug|Any CPU
		{7EC14364-1DED-4407-AD0A-2D51756440D4}.Debug|x64.Build.0 = Debug|Any CPU
		{7EC14364-1DED-4407-AD0A-2D51756440D4}.Debug|x86.ActiveCfg = Debug|Any CPU
		{7EC14364-1DED-4407-AD0A-2D51756440D4}.Debug|x86.Build.0 = Debug|Any CPU
		{7EC14364-1DED-4407-AD0A-2D51756440D4}.Release|Any CPU.ActiveCfg = Release|Any CPU
		{7EC14364-1DED-4407-AD0A-2D51756440D4}.Release|Any CPU.Build.0 = Release|Any CPU
		{7EC14364-1DED-4407-AD0A-2D51756440D4}.Release|x64.ActiveCfg = Release|Any CPU
		{7EC14364-1DED-4407-AD0A-2D51756440D4}.Release|x64.Build.0 = Release|Any CPU
		{7EC14364-1DED-4407-AD0A-2D51756440D4}.Release|x86.ActiveCfg = Release|Any CPU
		{7EC14364-1DED-4407-AD0A-2D51756440D4}.Release|x86.Build.0 = Release|Any CPU
		{01FD42BB-9E41-4676-B0EA-278479B6841B}.Debug|Any CPU.ActiveCfg = Debug|Any CPU
		{01FD42BB-9E41-4676-B0EA-278479B6841B}.Debug|Any CPU.Build.0 = Debug|Any CPU
		{01FD42BB-9E41-4676-B0EA-278479B6841B}.Debug|x64.ActiveCfg = Debug|Any CPU
		{01FD42BB-9E41-4676-B0EA-278479B6841B}.Debug|x64.Build.0 = Debug|Any CPU
		{01FD42BB-9E41-4676-B0EA-278479B6841B}.Debug|x86.ActiveCfg = Debug|Any CPU
		{01FD42BB-9E41-4676-B0EA-278479B6841B}.Debug|x86.Build.0 = Debug|Any CPU
		{01FD42BB-9E41-4676-B0EA-278479B6841B}.Release|Any CPU.ActiveCfg = Release|Any CPU
		{01FD42BB-9E41-4676-B0EA-278479B6841B}.Release|Any CPU.Build.0 = Release|Any CPU
		{01FD42BB-9E41-4676-B0EA-278479B6841B}.Release|x64.ActiveCfg = Release|Any CPU
		{01FD42BB-9E41-4676-B0EA-278479B6841B}.Release|x64.Build.0 = Release|Any CPU
		{01FD42BB-9E41-4676-B0EA-278479B6841B}.Release|x86.ActiveCfg = Release|Any CPU
		{01FD42BB-9E41-4676-B0EA-278479B6841B}.Release|x86.Build.0 = Release|Any CPU
	EndGlobalSection
	GlobalSection(SolutionProperties) = preSolution
		HideSolutionNode = FALSE
	EndGlobalSection
	GlobalSection(NestedProjects) = preSolution
		{C59851FE-0C7C-437D-A777-D69B8E2B5D3B} = {02EA681E-C7D8-13C7-8484-4AC65E1B71E8}
		{8D0C9315-5C92-43F7-B353-3477D50B5AF9} = {02EA681E-C7D8-13C7-8484-4AC65E1B71E8}
		{81DDED9D-158B-E303-5F62-77A2896D2A5A} = {8EC462FD-D22E-90A8-E5CE-7E832BA40C5D}
	EndGlobalSection
	GlobalSection(ExtensibilityGlobals) = postSolution
		SolutionGuid = {385B5D7C-3E66-4262-8D46-EEA8A1EB8DAE}
	EndGlobalSection
EndGlobal
